{
  "name": "241118_compare_ffi_lib_nodejs",
  "version": "1.0.0",
  "lockfileVersion": 3,
  "requires": true,
  "packages": {
    "": {
      "name": "241118_compare_ffi_lib_nodejs",
      "version": "1.0.0",
      "license": "ISC",
      "dependencies": {
        "bench-node": "^0.3.0",
        "benchmark": "^2.1.4",
        "ffi-napi": "^4.0.3",
        "ffi-rs": "^1.1.0",
        "koffi": "^2.9.2",
        "ref-napi": "^3.0.3",
        "ref-struct-di": "^1.1.1"
      }
    },
    "node_modules/@yuuang/ffi-rs-darwin-arm64": {
      "version": "1.1.0",
      "resolved": "https://registry.npmjs.org/@yuuang/ffi-rs-darwin-arm64/-/ffi-rs-darwin-arm64-1.1.0.tgz",
      "integrity": "sha512-ZqKfwZZ7DydiEsjaA/CB5XnECMCq7ukQdvKfF/SYhvIXdDtcwr9PwPzZ7MOeh2SJPSk60IRAIcQqWp9Th+D2AA==",
      "cpu": [
        "arm64"
      ],
      "license": "MIT",
      "optional": true,
      "os": [
        "darwin"
      ],
      "engines": {
        "node": ">= 12"
      }
    },
    "node_modules/@yuuang/ffi-rs-darwin-x64": {
      "version": "1.1.0",
      "resolved": "https://registry.npmjs.org/@yuuang/ffi-rs-darwin-x64/-/ffi-rs-darwin-x64-1.1.0.tgz",
      "integrity": "sha512-7WmdipbFZLeiIOVhn4IIl2TnjQ0BePqLLks6SbdAPO7BAiArnWQKTO/RfC0/srwAE/cB0haEmw3EB6Nm8dDNnA==",
      "cpu": [
        "x64"
      ],
      "license": "MIT",
      "optional": true,
      "os": [
        "darwin"
      ],
      "engines": {
        "node": ">= 12"
      }
    },
    "node_modules/@yuuang/ffi-rs-linux-arm-gnueabihf": {
      "version": "1.1.0",
      "resolved": "https://registry.npmjs.org/@yuuang/ffi-rs-linux-arm-gnueabihf/-/ffi-rs-linux-arm-gnueabihf-1.1.0.tgz",
      "integrity": "sha512-Esfh8F8zNdrxcQQunXP4QAqgVsRZGeVgFhhSFmCaAK/l7yCRsNcDnKpdpksDRf0w6pBerepPI4YKHvkO+C0BvQ==",
      "cpu": [
        "arm"
      ],
      "license": "MIT",
      "optional": true,
      "os": [
        "linux"
      ],
      "engines": {
        "node": ">= 12"
      }
    },
    "node_modules/@yuuang/ffi-rs-linux-arm64-gnu": {
      "version": "1.1.0",
      "resolved": "https://registry.npmjs.org/@yuuang/ffi-rs-linux-arm64-gnu/-/ffi-rs-linux-arm64-gnu-1.1.0.tgz",
      "integrity": "sha512-5dh7I3hHPYD0bDQaowcsB3UDW6tdgPHo6Hz7RZqFRogLhsSiUfYnFM7rCjEEAjO2NY2NZYxOZ3n/N6wr7XH6gw==",
      "cpu": [
        "arm64"
      ],
      "license": "MIT",
      "optional": true,
      "os": [
        "linux"
      ],
      "engines": {
        "node": ">= 12"
      }
    },
    "node_modules/@yuuang/ffi-rs-linux-arm64-musl": {
      "version": "1.1.0",
      "resolved": "https://registry.npmjs.org/@yuuang/ffi-rs-linux-arm64-musl/-/ffi-rs-linux-arm64-musl-1.1.0.tgz",
      "integrity": "sha512-AnZbS47sS5C1iELZMEoqvU30UOiS4j6L7zatBPWXT6s67B5CwKpJw5ykzLpWcP910uqDGnku542KtkL2vHjj1A==",
      "cpu": [
        "arm64"
      ],
      "license": "MIT",
      "optional": true,
      "os": [
        "linux"
      ],
      "engines": {
        "node": ">= 12"
      }
    },
    "node_modules/@yuuang/ffi-rs-linux-x64-gnu": {
      "version": "1.1.0",
      "resolved": "https://registry.npmjs.org/@yuuang/ffi-rs-linux-x64-gnu/-/ffi-rs-linux-x64-gnu-1.1.0.tgz",
      "integrity": "sha512-ugOh8ITm0fTwE5flaoCdDVj7xLdONv701o/1b6/3cbF6mGCbegAILaa1CCT/tvEra/Otl9GaYkeB4werO4BnmQ==",
      "cpu": [
        "x64"
      ],
      "license": "MIT",
      "optional": true,
      "os": [
        "linux"
      ],
      "engines": {
        "node": ">= 12"
      }
    },
    "node_modules/@yuuang/ffi-rs-linux-x64-musl": {
      "version": "1.1.0",
      "resolved": "https://registry.npmjs.org/@yuuang/ffi-rs-linux-x64-musl/-/ffi-rs-linux-x64-musl-1.1.0.tgz",
      "integrity": "sha512-SrAOQBBGUixOrTlFmkbXhAJMVYALqhv88hXU5+yxnIPE6hpbmcRvg7rT5tvozYxxwhY9sIiPhLXY7QgPwKKtgw==",
      "cpu": [
        "x64"
      ],
      "license": "MIT",
      "optional": true,
      "os": [
        "linux"
      ],
      "engines": {
        "node": ">= 12"
      }
    },
    "node_modules/@yuuang/ffi-rs-win32-arm64-msvc": {
      "version": "1.1.0",
      "resolved": "https://registry.npmjs.org/@yuuang/ffi-rs-win32-arm64-msvc/-/ffi-rs-win32-arm64-msvc-1.1.0.tgz",
      "integrity": "sha512-NCORD0dlNqk7V0oUGVE4fqraUxMkB6oM0qu3UItDqfZzVfRB9ZCJ2YxeFnq8/QdJGBfM3JxM1Pyj8NRVEoMl4Q==",
      "cpu": [
        "arm64"
      ],
      "license": "MIT",
      "optional": true,
      "os": [
        "win32"
      ],
      "engines": {
        "node": ">= 12"
      }
    },
    "node_modules/@yuuang/ffi-rs-win32-ia32-msvc": {
      "version": "1.1.0",
      "resolved": "https://registry.npmjs.org/@yuuang/ffi-rs-win32-ia32-msvc/-/ffi-rs-win32-ia32-msvc-1.1.0.tgz",
      "integrity": "sha512-hw39Qg8ToV+tAiSyl/6drAB6RgDavexYy2Sew9UleY28krwXkQwG19XDQm9c4Eysp3Wjkvi9TPe3iaU8ixYuwQ==",
      "cpu": [
        "x64",
        "ia32"
      ],
      "license": "MIT",
      "optional": true,
      "os": [
        "win32"
      ],
      "engines": {
        "node": ">= 12"
      }
    },
    "node_modules/@yuuang/ffi-rs-win32-x64-msvc": {
      "version": "1.1.0",
      "resolved": "https://registry.npmjs.org/@yuuang/ffi-rs-win32-x64-msvc/-/ffi-rs-win32-x64-msvc-1.1.0.tgz",
      "integrity": "sha512-OGxa6LBYWP22k8T76pTGMYQi14iWretIxmPfPFBx7k2P5KxzFTWl+Fw7C612204XUGdHrsLEmUJcvV5ldXoq+Q==",
      "cpu": [
        "x64"
      ],
      "license": "MIT",
      "optional": true,
      "os": [
        "win32"
      ],
      "engines": {
        "node": ">= 12"
      }
    },
    "node_modules/bench-node": {
      "version": "0.3.0",
      "resolved": "https://registry.npmjs.org/bench-node/-/bench-node-0.3.0.tgz",
      "integrity": "sha512-3gZ5NbOgo9h1WsUnh1QiR3y7Xflguw0Ox8GM0DPjJWDEQ7a8Jxi0mltojZz7B7IyrzNKG49HaatOP6qI/ODhqQ=="
    },
    "node_modules/benchmark": {
      "version": "2.1.4",
      "resolved": "https://registry.npmjs.org/benchmark/-/benchmark-2.1.4.tgz",
      "integrity": "sha512-l9MlfN4M1K/H2fbhfMy3B7vJd6AGKJVQn2h6Sg/Yx+KckoUA7ewS5Vv6TjSq18ooE1kS9hhAlQRH3AkXIh/aOQ==",
      "license": "MIT",
      "dependencies": {
        "lodash": "^4.17.4",
        "platform": "^1.3.3"
      }
    },
    "node_modules/debug": {
      "version": "4.3.7",
      "resolved": "https://registry.npmjs.org/debug/-/debug-4.3.7.tgz",
      "integrity": "sha512-Er2nc/H7RrMXZBFCEim6TCmMk02Z8vLC2Rbi1KEBggpo0fS6l0S1nnapwmIi3yW/+GOJap1Krg4w0Hg80oCqgQ==",
      "dependencies": {
        "ms": "^2.1.3"
      },
      "engines": {
        "node": ">=6.0"
      },
      "peerDependenciesMeta": {
        "supports-color": {
          "optional": true
        }
      }
    },
    "node_modules/ffi-napi": {
      "version": "4.0.3",
      "resolved": "https://registry.npmjs.org/ffi-napi/-/ffi-napi-4.0.3.tgz",
      "integrity": "sha512-PMdLCIvDY9mS32RxZ0XGb95sonPRal8aqRhLbeEtWKZTe2A87qRFG9HjOhvG8EX2UmQw5XNRMIOT+1MYlWmdeg==",
      "hasInstallScript": true,
      "dependencies": {
        "debug": "^4.1.1",
        "get-uv-event-loop-napi-h": "^1.0.5",
        "node-addon-api": "^3.0.0",
        "node-gyp-build": "^4.2.1",
        "ref-napi": "^2.0.1 || ^3.0.2",
        "ref-struct-di": "^1.1.0"
      },
      "engines": {
        "node": ">=10"
      }
    },
    "node_modules/ffi-rs": {
      "version": "1.1.0",
      "resolved": "https://registry.npmjs.org/ffi-rs/-/ffi-rs-1.1.0.tgz",
      "integrity": "sha512-4GCWZyE/ni91L9zDQ1SlVZ+XCwCABMPG+23+fp9/I20lI+o1a5x1FuSTSU789rNeej5IEcI3Qpsxi8tjhxIYNQ==",
      "license": "MIT",
      "optionalDependencies": {
        "@yuuang/ffi-rs-darwin-arm64": "1.1.0",
        "@yuuang/ffi-rs-darwin-x64": "1.1.0",
        "@yuuang/ffi-rs-linux-arm-gnueabihf": "1.1.0",
        "@yuuang/ffi-rs-linux-arm64-gnu": "1.1.0",
        "@yuuang/ffi-rs-linux-arm64-musl": "1.1.0",
        "@yuuang/ffi-rs-linux-x64-gnu": "1.1.0",
        "@yuuang/ffi-rs-linux-x64-musl": "1.1.0",
        "@yuuang/ffi-rs-win32-arm64-msvc": "1.1.0",
        "@yuuang/ffi-rs-win32-ia32-msvc": "1.1.0",
        "@yuuang/ffi-rs-win32-x64-msvc": "1.1.0"
      }
    },
    "node_modules/get-symbol-from-current-process-h": {
      "version": "1.0.2",
      "resolved": "https://registry.npmjs.org/get-symbol-from-current-process-h/-/get-symbol-from-current-process-h-1.0.2.tgz",
      "integrity": "sha512-syloC6fsCt62ELLrr1VKBM1ggOpMdetX9hTrdW77UQdcApPHLmf7CI7OKcN1c9kYuNxKcDe4iJ4FY9sX3aw2xw=="
    },
    "node_modules/get-uv-event-loop-napi-h": {
      "version": "1.0.6",
      "resolved": "https://registry.npmjs.org/get-uv-event-loop-napi-h/-/get-uv-event-loop-napi-h-1.0.6.tgz",
      "integrity": "sha512-t5c9VNR84nRoF+eLiz6wFrEp1SE2Acg0wS+Ysa2zF0eROes+LzOfuTaVHxGy8AbS8rq7FHEJzjnCZo1BupwdJg==",
      "dependencies": {
        "get-symbol-from-current-process-h": "^1.0.1"
      }
    },
    "node_modules/koffi": {
      "version": "2.9.2",
      "resolved": "https://registry.npmjs.org/koffi/-/koffi-2.9.2.tgz",
      "integrity": "sha512-qwKzo4PTN66A0mRcLcMCcay5XS0hAcOLaGijtmP72tJSzH5P4OzufPJ+0uHtL+dqVkvVZMnkeEVQoHYy7KBaVw==",
      "hasInstallScript": true,
      "license": "MIT"
    },
    "node_modules/lodash": {
      "version": "4.17.21",
      "resolved": "https://registry.npmjs.org/lodash/-/lodash-4.17.21.tgz",
      "integrity": "sha512-v2kDEe57lecTulaDIuNTPy3Ry4gLGJ6Z1O3vE1krgXZNrsQ+LFTGHVxVjcXPs17LhbZVGedAJv8XZ1tvj5FvSg==",
      "license": "MIT"
    },
    "node_modules/ms": {
      "version": "2.1.3",
      "resolved": "https://registry.npmjs.org/ms/-/ms-2.1.3.tgz",
      "integrity": "sha512-6FlzubTLZG3J2a/NVCAleEhjzq5oxgHyaCU9yYXvcLsvoVaHJq/s5xXI6/XXP6tz7R9xAOtHnSO/tXtF3WRTlA=="
    },
    "node_modules/node-addon-api": {
      "version": "3.2.1",
      "resolved": "https://registry.npmjs.org/node-addon-api/-/node-addon-api-3.2.1.tgz",
      "integrity": "sha512-mmcei9JghVNDYydghQmeDX8KoAm0FAiYyIcUt/N4nhyAipB17pllZQDOJD2fotxABnt4Mdz+dKTO7eftLg4d0A=="
    },
    "node_modules/node-gyp-build": {
      "version": "4.8.3",
      "resolved": "https://registry.npmjs.org/node-gyp-build/-/node-gyp-build-4.8.3.tgz",
      "integrity": "sha512-EMS95CMJzdoSKoIiXo8pxKoL8DYxwIZXYlLmgPb8KUv794abpnLK6ynsCAWNliOjREKruYKdzbh76HHYUHX7nw==",
      "bin": {
        "node-gyp-build": "bin.js",
        "node-gyp-build-optional": "optional.js",
        "node-gyp-build-test": "build-test.js"
      }
    },
    "node_modules/platform": {
      "version": "1.3.6",
      "resolved": "https://registry.npmjs.org/platform/-/platform-1.3.6.tgz",
      "integrity": "sha512-fnWVljUchTro6RiCFvCXBbNhJc2NijN7oIQxbwsyL0buWJPG85v81ehlHI9fXrJsMNgTofEoWIQeClKpgxFLrg==",
      "license": "MIT"
    },
    "node_modules/ref-napi": {
      "version": "3.0.3",
      "resolved": "https://registry.npmjs.org/ref-napi/-/ref-napi-3.0.3.tgz",
      "integrity": "sha512-LiMq/XDGcgodTYOMppikEtJelWsKQERbLQsYm0IOOnzhwE9xYZC7x8txNnFC9wJNOkPferQI4vD4ZkC0mDyrOA==",
      "hasInstallScript": true,
      "dependencies": {
        "debug": "^4.1.1",
        "get-symbol-from-current-process-h": "^1.0.2",
        "node-addon-api": "^3.0.0",
        "node-gyp-build": "^4.2.1"
      },
      "engines": {
        "node": ">= 10.0"
      }
    },
    "node_modules/ref-struct-di": {
      "version": "1.1.1",
      "resolved": "https://registry.npmjs.org/ref-struct-di/-/ref-struct-di-1.1.1.tgz",
      "integrity": "sha512-2Xyn/0Qgz89VT+++WP0sTosdm9oeowLP23wRJYhG4BFdMUrLj3jhwHZNEytYNYgtPKLNTP3KJX4HEgBvM1/Y2g==",
      "dependencies": {
        "debug": "^3.1.0"
      }
    },
    "node_modules/ref-struct-di/node_modules/debug": {
      "version": "3.2.7",
      "resolved": "https://registry.npmjs.org/debug/-/debug-3.2.7.tgz",
      "integrity": "sha512-CFjzYYAi4ThfiQvizrFQevTTXHtnCqWfe7x1AhgEscTz6ZbLbfoLRLPugTQyBth6f8ZERVUSyWHFD/7Wu4t1XQ==",
      "dependencies": {
        "ms": "^2.1.1"
      }
    }
  }
}
